
Microsoft Visual Studio Solution File, Format Version 12.00
# Visual Studio Version 16
VisualStudioVersion = 16.0.30011.22
MinimumVisualStudioVersion = 10.0.40219.1
Project("{888888A0-9F3D-457C-B088-3A5042F75D52}") = "NQueens", "NQueens.pyproj", "{7A26381B-A42B-46D0-A89A-6A1D4A0A6791}"
EndProject
Global
	GlobalSection(SolutionConfigurationPlatforms) = preSolution
		Debug|Any CPU = Debug|Any CPU
		Release|Any CPU = Release|Any CPU
	EndGlobalSection
	GlobalSection(ProjectConfigurationPlatforms) = postSolution
		{7A26381B-A42B-46D0-A89A-6A1D4A0A6791}.Debug|Any CPU.ActiveCfg = Debug|Any CPU
		{7A26381B-A42B-46D0-A89A-6A1D4A0A6791}.Release|Any CPU.ActiveCfg = Release|Any CPU
	EndGlobalSection
	GlobalSection(SolutionProperties) = preSolution
		HideSolutionNode = FALSE
	EndGlobalSection
	GlobalSection(ExtensibilityGlobals) = postSolution
		SolutionGuid = {BADC5B39-2B82-42BA-85BB-D7BF574A550F}
	EndGlobalSection
EndGlobal
